
Microsoft Visual Studio Solution File, Format Version 12.00
# Visual Studio Version 17
VisualStudioVersion = 17.12.35514.174 d17.12
MinimumVisualStudioVersion = 10.0.40219.1
Project("{FAE04EC0-301F-11D3-BF4B-00C04F79EFBC}") = "KonsumeraWebAPI", "KonsumeraWebAPI\KonsumeraWebAPI.csproj", "{711DF393-8F4E-4144-9266-7E1A87263570}"
EndProject
Global
	GlobalSection(SolutionConfigurationPlatforms) = preSolution
		Debug|Any CPU = Debug|Any CPU
		Release|Any CPU = Release|Any CPU
	EndGlobalSection
	GlobalSection(ProjectConfigurationPlatforms) = postSolution
		{711DF393-8F4E-4144-9266-7E1A87263570}.Debug|Any CPU.ActiveCfg = Debug|Any CPU
		{711DF393-8F4E-4144-9266-7E1A87263570}.Debug|Any CPU.Build.0 = Debug|Any CPU
		{711DF393-8F4E-4144-9266-7E1A87263570}.Release|Any CPU.ActiveCfg = Release|Any CPU
		{711DF393-8F4E-4144-9266-7E1A87263570}.Release|Any CPU.Build.0 = Release|Any CPU
	EndGlobalSection
	GlobalSection(SolutionProperties) = preSolution
		HideSolutionNode = FALSE
	EndGlobalSection
EndGlobal
